
Microsoft Visual Studio Solution File, Format Version 12.00
# Visual Studio Version 16
VisualStudioVersion = 16.0.29418.71
MinimumVisualStudioVersion = 10.0.40219.1
Project("{FAE04EC0-301F-11D3-BF4B-00C04F79EFBC}") = "ImageSampler2", "ImageSampler2\ImageSampler2.csproj", "{DD9825DB-23EF-401F-9F0C-71FC55E9AE0D}"
EndProject
Global
	GlobalSection(SolutionConfigurationPlatforms) = preSolution
		Debug|Any CPU = Debug|Any CPU
		Release|Any CPU = Release|Any CPU
	EndGlobalSection
	GlobalSection(ProjectConfigurationPlatforms) = postSolution
		{DD9825DB-23EF-401F-9F0C-71FC55E9AE0D}.Debug|Any CPU.ActiveCfg = Debug|Any CPU
		{DD9825DB-23EF-401F-9F0C-71FC55E9AE0D}.Debug|Any CPU.Build.0 = Debug|Any CPU
		{DD9825DB-23EF-401F-9F0C-71FC55E9AE0D}.Release|Any CPU.ActiveCfg = Release|Any CPU
		{DD9825DB-23EF-401F-9F0C-71FC55E9AE0D}.Release|Any CPU.Build.0 = Release|Any CPU
	EndGlobalSection
	GlobalSection(SolutionProperties) = preSolution
		HideSolutionNode = FALSE
	EndGlobalSection
	GlobalSection(ExtensibilityGlobals) = postSolution
		SolutionGuid = {DFB275A2-978F-4A27-89D9-60ACAE20BABD}
	EndGlobalSection
EndGlobal
